
Microsoft Visual Studio Solution File, Format Version 12.00
# Visual Studio 15
VisualStudioVersion = 15.0.28010.2019
MinimumVisualStudioVersion = 10.0.40219.1
Project("{FAE04EC0-301F-11D3-BF4B-00C04F79EFBC}") = "MusicStore", "MusicStore\MusicStore.csproj", "{718F8ABE-5B60-49A5-9262-B8C7EE079284}"
EndProject
Project("{FAE04EC0-301F-11D3-BF4B-00C04F79EFBC}") = "MusicStore.Tests", "MusicStore.Tests\MusicStore.Tests.csproj", "{F5E76955-163B-48C3-BC0C-233DFEF73B1F}"
EndProject
Global
	GlobalSection(SolutionConfigurationPlatforms) = preSolution
		Debug|Any CPU = Debug|Any CPU
		Release|Any CPU = Release|Any CPU
	EndGlobalSection
	GlobalSection(ProjectConfigurationPlatforms) = postSolution
		{718F8ABE-5B60-49A5-9262-B8C7EE079284}.Debug|Any CPU.ActiveCfg = Debug|Any CPU
		{718F8ABE-5B60-49A5-9262-B8C7EE079284}.Debug|Any CPU.Build.0 = Debug|Any CPU
		{718F8ABE-5B60-49A5-9262-B8C7EE079284}.Release|Any CPU.ActiveCfg = Release|Any CPU
		{718F8ABE-5B60-49A5-9262-B8C7EE079284}.Release|Any CPU.Build.0 = Release|Any CPU
		{F5E76955-163B-48C3-BC0C-233DFEF73B1F}.Debug|Any CPU.ActiveCfg = Debug|Any CPU
		{F5E76955-163B-48C3-BC0C-233DFEF73B1F}.Debug|Any CPU.Build.0 = Debug|Any CPU
		{F5E76955-163B-48C3-BC0C-233DFEF73B1F}.Release|Any CPU.ActiveCfg = Release|Any CPU
		{F5E76955-163B-48C3-BC0C-233DFEF73B1F}.Release|Any CPU.Build.0 = Release|Any CPU
	EndGlobalSection
	GlobalSection(SolutionProperties) = preSolution
		HideSolutionNode = FALSE
	EndGlobalSection
	GlobalSection(ExtensibilityGlobals) = postSolution
		SolutionGuid = {A76BBB83-CDB7-44C9-95F2-809A2D48A0E9}
	EndGlobalSection
EndGlobal
